
Microsoft Visual Studio Solution File, Format Version 12.00
# Visual Studio Version 17
VisualStudioVersion = 17.4.33103.184
MinimumVisualStudioVersion = 10.0.40219.1
Project("{FAE04EC0-301F-11D3-BF4B-00C04F79EFBC}") = "UltimoPobreTitoVillaFinal", "UltimoPobreTitoVillaFinal\UltimoPobreTitoVillaFinal.csproj", "{7F04B5AE-2F1D-4D8F-A8D6-657FE958A225}"
EndProject
Global
	GlobalSection(SolutionConfigurationPlatforms) = preSolution
		Debug|Any CPU = Debug|Any CPU
		Release|Any CPU = Release|Any CPU
	EndGlobalSection
	GlobalSection(ProjectConfigurationPlatforms) = postSolution
		{7F04B5AE-2F1D-4D8F-A8D6-657FE958A225}.Debug|Any CPU.ActiveCfg = Debug|Any CPU
		{7F04B5AE-2F1D-4D8F-A8D6-657FE958A225}.Debug|Any CPU.Build.0 = Debug|Any CPU
		{7F04B5AE-2F1D-4D8F-A8D6-657FE958A225}.Release|Any CPU.ActiveCfg = Release|Any CPU
		{7F04B5AE-2F1D-4D8F-A8D6-657FE958A225}.Release|Any CPU.Build.0 = Release|Any CPU
	EndGlobalSection
	GlobalSection(SolutionProperties) = preSolution
		HideSolutionNode = FALSE
	EndGlobalSection
	GlobalSection(ExtensibilityGlobals) = postSolution
		SolutionGuid = {54077E5C-C664-48A1-8323-CD3FD3AD2E86}
	EndGlobalSection
EndGlobal
